
Microsoft Visual Studio Solution File, Format Version 12.00
# Visual Studio Version 16
VisualStudioVersion = 16.0.33328.57
MinimumVisualStudioVersion = 10.0.40219.1
Project("{FAE04EC0-301F-11D3-BF4B-00C04F79EFBC}") = "Kasutajaliides", "Kasutajaliides\Kasutajaliides.csproj", "{E9B65801-0BBB-4EB4-A4F2-2BC5CEA60588}"
EndProject
Project("{FAE04EC0-301F-11D3-BF4B-00C04F79EFBC}") = "Andmepyydja", "LokaalneAndmepyydja\Andmepyydja.csproj", "{0986332A-24B6-49DA-8D38-D840FF5F0B4B}"
EndProject
Project("{FAE04EC0-301F-11D3-BF4B-00C04F79EFBC}") = "Arvutaja", "Arvutaja\Arvutaja.csproj", "{C921FA8B-6B9B-403A-B316-4C2EBA950DA7}"
EndProject
Project("{FAE04EC0-301F-11D3-BF4B-00C04F79EFBC}") = "AndmeSalvestaja", "AndmeSalvestaja\AndmeSalvestaja.csproj", "{1BD640A0-5451-48F6-A1E0-4EFB425482F3}"
EndProject
Global
	GlobalSection(SolutionConfigurationPlatforms) = preSolution
		Debug|Any CPU = Debug|Any CPU
		Release|Any CPU = Release|Any CPU
	EndGlobalSection
	GlobalSection(ProjectConfigurationPlatforms) = postSolution
		{E9B65801-0BBB-4EB4-A4F2-2BC5CEA60588}.Debug|Any CPU.ActiveCfg = Debug|Any CPU
		{E9B65801-0BBB-4EB4-A4F2-2BC5CEA60588}.Debug|Any CPU.Build.0 = Debug|Any CPU
		{E9B65801-0BBB-4EB4-A4F2-2BC5CEA60588}.Release|Any CPU.ActiveCfg = Release|Any CPU
		{E9B65801-0BBB-4EB4-A4F2-2BC5CEA60588}.Release|Any CPU.Build.0 = Release|Any CPU
		{0986332A-24B6-49DA-8D38-D840FF5F0B4B}.Debug|Any CPU.ActiveCfg = Debug|Any CPU
		{0986332A-24B6-49DA-8D38-D840FF5F0B4B}.Debug|Any CPU.Build.0 = Debug|Any CPU
		{0986332A-24B6-49DA-8D38-D840FF5F0B4B}.Release|Any CPU.ActiveCfg = Release|Any CPU
		{0986332A-24B6-49DA-8D38-D840FF5F0B4B}.Release|Any CPU.Build.0 = Release|Any CPU
		{C921FA8B-6B9B-403A-B316-4C2EBA950DA7}.Debug|Any CPU.ActiveCfg = Debug|Any CPU
		{C921FA8B-6B9B-403A-B316-4C2EBA950DA7}.Debug|Any CPU.Build.0 = Debug|Any CPU
		{C921FA8B-6B9B-403A-B316-4C2EBA950DA7}.Release|Any CPU.ActiveCfg = Release|Any CPU
		{C921FA8B-6B9B-403A-B316-4C2EBA950DA7}.Release|Any CPU.Build.0 = Release|Any CPU
		{1BD640A0-5451-48F6-A1E0-4EFB425482F3}.Debug|Any CPU.ActiveCfg = Debug|Any CPU
		{1BD640A0-5451-48F6-A1E0-4EFB425482F3}.Debug|Any CPU.Build.0 = Debug|Any CPU
		{1BD640A0-5451-48F6-A1E0-4EFB425482F3}.Release|Any CPU.ActiveCfg = Release|Any CPU
		{1BD640A0-5451-48F6-A1E0-4EFB425482F3}.Release|Any CPU.Build.0 = Release|Any CPU
	EndGlobalSection
	GlobalSection(SolutionProperties) = preSolution
		HideSolutionNode = FALSE
	EndGlobalSection
	GlobalSection(ExtensibilityGlobals) = postSolution
		SolutionGuid = {EB4F1261-E6ED-410E-9756-C5B583B2E492}
	EndGlobalSection
EndGlobal
